
Microsoft Visual Studio Solution File, Format Version 12.00
# Visual Studio Version 17
VisualStudioVersion = 17.13.35919.96 d17.13
MinimumVisualStudioVersion = 10.0.40219.1
Project("{FAE04EC0-301F-11D3-BF4B-00C04F79EFBC}") = "WebShop", "WebShop.csproj", "{36520B79-3F18-46F9-97E9-2406541AB3BA}"
EndProject
Project("{FAE04EC0-301F-11D3-BF4B-00C04F79EFBC}") = "WebShop.DAL", "..\WebShop.DAL\WebShop.DAL.csproj", "{00E9E2DA-516E-4F18-A197-9F82AF36D53E}"
EndProject
Global
	GlobalSection(SolutionConfigurationPlatforms) = preSolution
		Debug|Any CPU = Debug|Any CPU
		Release|Any CPU = Release|Any CPU
	EndGlobalSection
	GlobalSection(ProjectConfigurationPlatforms) = postSolution
		{36520B79-3F18-46F9-97E9-2406541AB3BA}.Debug|Any CPU.ActiveCfg = Debug|Any CPU
		{36520B79-3F18-46F9-97E9-2406541AB3BA}.Debug|Any CPU.Build.0 = Debug|Any CPU
		{36520B79-3F18-46F9-97E9-2406541AB3BA}.Release|Any CPU.ActiveCfg = Release|Any CPU
		{36520B79-3F18-46F9-97E9-2406541AB3BA}.Release|Any CPU.Build.0 = Release|Any CPU
		{00E9E2DA-516E-4F18-A197-9F82AF36D53E}.Debug|Any CPU.ActiveCfg = Debug|Any CPU
		{00E9E2DA-516E-4F18-A197-9F82AF36D53E}.Debug|Any CPU.Build.0 = Debug|Any CPU
		{00E9E2DA-516E-4F18-A197-9F82AF36D53E}.Release|Any CPU.ActiveCfg = Release|Any CPU
		{00E9E2DA-516E-4F18-A197-9F82AF36D53E}.Release|Any CPU.Build.0 = Release|Any CPU
	EndGlobalSection
	GlobalSection(SolutionProperties) = preSolution
		HideSolutionNode = FALSE
	EndGlobalSection
	GlobalSection(ExtensibilityGlobals) = postSolution
		SolutionGuid = {A47B5799-66EE-4356-9BD4-AC38D238962F}
	EndGlobalSection
EndGlobal
